Microsoft Visual Studio Solution File, Format Version 11.00
# Visual Studio 2008

Project("{C4FD913A-99C0-69B7-FE62-F976E985AEAD}") = "camera Test", "Assembly-CSharp.csproj", "{AD88813E-38F4-CAAF-DFB9-6B482A755E00}"
EndProject
Global
	GlobalSection(SolutionConfigurationPlatforms) = preSolution
		Debug|Any CPU = Debug|Any CPU
		Release|Any CPU = Release|Any CPU
	EndGlobalSection
	GlobalSection(ProjectConfigurationPlatforms) = postSolution
		{AD88813E-38F4-CAAF-DFB9-6B482A755E00}.Debug|Any CPU.ActiveCfg = Debug|Any CPU
		{AD88813E-38F4-CAAF-DFB9-6B482A755E00}.Debug|Any CPU.Build.0 = Debug|Any CPU
		{AD88813E-38F4-CAAF-DFB9-6B482A755E00}.Release|Any CPU.ActiveCfg = Release|Any CPU
		{AD88813E-38F4-CAAF-DFB9-6B482A755E00}.Release|Any CPU.Build.0 = Release|Any CPU
	EndGlobalSection
	GlobalSection(SolutionProperties) = preSolution
		HideSolutionNode = FALSE
	EndGlobalSection
	GlobalSection(MonoDevelopProperties) = preSolution
		StartupItem = Assembly-CSharp.csproj
	EndGlobalSection
EndGlobal
