
Microsoft Visual Studio Solution File, Format Version 12.00
# Visual Studio 2015
Project("{FAE04EC0-301F-11D3-BF4B-00C04F79EFBC}") = "sotn_unity.CSharp", "sotn_unity.CSharp.csproj", "{61870B60-7084-9BF4-DB1E-FA7E2D80AD31}"
EndProject
Global
	GlobalSection(SolutionConfigurationPlatforms) = preSolution
		Debug|Any CPU = Debug|Any CPU
		Release|Any CPU = Release|Any CPU
	EndGlobalSection
	GlobalSection(ProjectConfigurationPlatforms) = postSolution
		{61870B60-7084-9BF4-DB1E-FA7E2D80AD31}.Debug|Any CPU.ActiveCfg = Debug|Any CPU
		{61870B60-7084-9BF4-DB1E-FA7E2D80AD31}.Debug|Any CPU.Build.0 = Debug|Any CPU
		{61870B60-7084-9BF4-DB1E-FA7E2D80AD31}.Release|Any CPU.ActiveCfg = Release|Any CPU
		{61870B60-7084-9BF4-DB1E-FA7E2D80AD31}.Release|Any CPU.Build.0 = Release|Any CPU
	EndGlobalSection
	GlobalSection(SolutionProperties) = preSolution
		HideSolutionNode = FALSE
	EndGlobalSection
EndGlobal
